
Microsoft Visual Studio Solution File, Format Version 12.00
# Visual Studio 2017
Project("{FAE04EC0-301F-11D3-BF4B-00C04F79EFBC}") = "Projecte FINAL", "Projecte FINAL.csproj", "{310EEA14-7EBD-C6FF-793A-F47FAFCB2C74}"
EndProject
Project("{FAE04EC0-301F-11D3-BF4B-00C04F79EFBC}") = "Projecte FINAL.Editor", "Projecte FINAL.Editor.csproj", "{81FD5460-662C-A832-F1C7-2D51C4D05739}"
EndProject
Global
	GlobalSection(SolutionConfigurationPlatforms) = preSolution
		Debug|Any CPU = Debug|Any CPU
		Release|Any CPU = Release|Any CPU
	EndGlobalSection
	GlobalSection(ProjectConfigurationPlatforms) = postSolution
		{310EEA14-7EBD-C6FF-793A-F47FAFCB2C74}.Debug|Any CPU.ActiveCfg = Debug|Any CPU
		{310EEA14-7EBD-C6FF-793A-F47FAFCB2C74}.Debug|Any CPU.Build.0 = Debug|Any CPU
		{310EEA14-7EBD-C6FF-793A-F47FAFCB2C74}.Release|Any CPU.ActiveCfg = Release|Any CPU
		{310EEA14-7EBD-C6FF-793A-F47FAFCB2C74}.Release|Any CPU.Build.0 = Release|Any CPU
		{81FD5460-662C-A832-F1C7-2D51C4D05739}.Debug|Any CPU.ActiveCfg = Debug|Any CPU
		{81FD5460-662C-A832-F1C7-2D51C4D05739}.Debug|Any CPU.Build.0 = Debug|Any CPU
		{81FD5460-662C-A832-F1C7-2D51C4D05739}.Release|Any CPU.ActiveCfg = Release|Any CPU
		{81FD5460-662C-A832-F1C7-2D51C4D05739}.Release|Any CPU.Build.0 = Release|Any CPU
	EndGlobalSection
	GlobalSection(SolutionProperties) = preSolution
		HideSolutionNode = FALSE
	EndGlobalSection
EndGlobal
